
Microsoft Visual Studio Solution File, Format Version 12.00
# Visual Studio Version 17
VisualStudioVersion = 17.0.31903.59
MinimumVisualStudioVersion = 10.0.40219.1
Project("{2150E333-8FDC-42A3-9474-1A3956D46DE8}") = "src", "src", "{827E0CD3-B72D-47B6-A68D-7590B98EB39B}"
EndProject
Project("{FAE04EC0-301F-11D3-BF4B-00C04F79EFBC}") = "Shuttlez.Domain", "src\Shuttlez.Domain\Shuttlez.Domain.csproj", "{C8C8CFC1-AB84-4392-8D03-0160B5250735}"
EndProject
Project("{FAE04EC0-301F-11D3-BF4B-00C04F79EFBC}") = "Shuttlez.Application", "src\Shuttlez.Application\Shuttlez.Application.csproj", "{B2D25B97-971E-49C1-B814-D22D22BB3FF9}"
EndProject
Project("{FAE04EC0-301F-11D3-BF4B-00C04F79EFBC}") = "Shuttlez.Infrastructure", "src\Shuttlez.Infrastructure\Shuttlez.Infrastructure.csproj", "{966A19A1-D544-4B14-8EA4-AB70200B3657}"
EndProject
Project("{FAE04EC0-301F-11D3-BF4B-00C04F79EFBC}") = "Shuttlez.API", "src\Shuttlez.API\Shuttlez.API.csproj", "{5B5979C3-A3ED-4860-A29C-2E694B7C5856}"
EndProject
Project("{2150E333-8FDC-42A3-9474-1A3956D46DE8}") = "tests", "tests", "{0AB3BF05-4346-4AA6-1389-037BE0695223}"
EndProject
Project("{FAE04EC0-301F-11D3-BF4B-00C04F79EFBC}") = "Shuttlez.UnitTests", "tests\Shuttlez.UnitTests\Shuttlez.UnitTests.csproj", "{2F32CF88-BE4C-475F-B060-F43155F1495C}"
EndProject
Project("{FAE04EC0-301F-11D3-BF4B-00C04F79EFBC}") = "Shuttlez.IntegrationTests", "tests\Shuttlez.IntegrationTests\Shuttlez.IntegrationTests.csproj", "{89F1CA37-8346-46D0-8551-6A473B9DB680}"
EndProject
Global
	GlobalSection(SolutionConfigurationPlatforms) = preSolution
		Debug|Any CPU = Debug|Any CPU
		Debug|x64 = Debug|x64
		Debug|x86 = Debug|x86
		Release|Any CPU = Release|Any CPU
		Release|x64 = Release|x64
		Release|x86 = Release|x86
	EndGlobalSection
	GlobalSection(ProjectConfigurationPlatforms) = postSolution
		{C8C8CFC1-AB84-4392-8D03-0160B5250735}.Debug|Any CPU.ActiveCfg = Debug|Any CPU
		{C8C8CFC1-AB84-4392-8D03-0160B5250735}.Debug|Any CPU.Build.0 = Debug|Any CPU
		{C8C8CFC1-AB84-4392-8D03-0160B5250735}.Debug|x64.ActiveCfg = Debug|Any CPU
		{C8C8CFC1-AB84-4392-8D03-0160B5250735}.Debug|x64.Build.0 = Debug|Any CPU
		{C8C8CFC1-AB84-4392-8D03-0160B5250735}.Debug|x86.ActiveCfg = Debug|Any CPU
		{C8C8CFC1-AB84-4392-8D03-0160B5250735}.Debug|x86.Build.0 = Debug|Any CPU
		{C8C8CFC1-AB84-4392-8D03-0160B5250735}.Release|Any CPU.ActiveCfg = Release|Any CPU
		{C8C8CFC1-AB84-4392-8D03-0160B5250735}.Release|Any CPU.Build.0 = Release|Any CPU
		{C8C8CFC1-AB84-4392-8D03-0160B5250735}.Release|x64.ActiveCfg = Release|Any CPU
		{C8C8CFC1-AB84-4392-8D03-0160B5250735}.Release|x64.Build.0 = Release|Any CPU
		{C8C8CFC1-AB84-4392-8D03-0160B5250735}.Release|x86.ActiveCfg = Release|Any CPU
		{C8C8CFC1-AB84-4392-8D03-0160B5250735}.Release|x86.Build.0 = Release|Any CPU
		{B2D25B97-971E-49C1-B814-D22D22BB3FF9}.Debug|Any CPU.ActiveCfg = Debug|Any CPU
		{B2D25B97-971E-49C1-B814-D22D22BB3FF9}.Debug|Any CPU.Build.0 = Debug|Any CPU
		{B2D25B97-971E-49C1-B814-D22D22BB3FF9}.Debug|x64.ActiveCfg = Debug|Any CPU
		{B2D25B97-971E-49C1-B814-D22D22BB3FF9}.Debug|x64.Build.0 = Debug|Any CPU
		{B2D25B97-971E-49C1-B814-D22D22BB3FF9}.Debug|x86.ActiveCfg = Debug|Any CPU
		{B2D25B97-971E-49C1-B814-D22D22BB3FF9}.Debug|x86.Build.0 = Debug|Any CPU
		{B2D25B97-971E-49C1-B814-D22D22BB3FF9}.Release|Any CPU.ActiveCfg = Release|Any CPU
		{B2D25B97-971E-49C1-B814-D22D22BB3FF9}.Release|Any CPU.Build.0 = Release|Any CPU
		{B2D25B97-971E-49C1-B814-D22D22BB3FF9}.Release|x64.ActiveCfg = Release|Any CPU
		{B2D25B97-971E-49C1-B814-D22D22BB3FF9}.Release|x64.Build.0 = Release|Any CPU
		{B2D25B97-971E-49C1-B814-D22D22BB3FF9}.Release|x86.ActiveCfg = Release|Any CPU
		{B2D25B97-971E-49C1-B814-D22D22BB3FF9}.Release|x86.Build.0 = Release|Any CPU
		{966A19A1-D544-4B14-8EA4-AB70200B3657}.Debug|Any CPU.ActiveCfg = Debug|Any CPU
		{966A19A1-D544-4B14-8EA4-AB70200B3657}.Debug|Any CPU.Build.0 = Debug|Any CPU
		{966A19A1-D544-4B14-8EA4-AB70200B3657}.Debug|x64.ActiveCfg = Debug|Any CPU
		{966A19A1-D544-4B14-8EA4-AB70200B3657}.Debug|x64.Build.0 = Debug|Any CPU
		{966A19A1-D544-4B14-8EA4-AB70200B3657}.Debug|x86.ActiveCfg = Debug|Any CPU
		{966A19A1-D544-4B14-8EA4-AB70200B3657}.Debug|x86.Build.0 = Debug|Any CPU
		{966A19A1-D544-4B14-8EA4-AB70200B3657}.Release|Any CPU.ActiveCfg = Release|Any CPU
		{966A19A1-D544-4B14-8EA4-AB70200B3657}.Release|Any CPU.Build.0 = Release|Any CPU
		{966A19A1-D544-4B14-8EA4-AB70200B3657}.Release|x64.ActiveCfg = Release|Any CPU
		{966A19A1-D544-4B14-8EA4-AB70200B3657}.Release|x64.Build.0 = Release|Any CPU
		{966A19A1-D544-4B14-8EA4-AB70200B3657}.Release|x86.ActiveCfg = Release|Any CPU
		{966A19A1-D544-4B14-8EA4-AB70200B3657}.Release|x86.Build.0 = Release|Any CPU
		{5B5979C3-A3ED-4860-A29C-2E694B7C5856}.Debug|Any CPU.ActiveCfg = Debug|Any CPU
		{5B5979C3-A3ED-4860-A29C-2E694B7C5856}.Debug|Any CPU.Build.0 = Debug|Any CPU
		{5B5979C3-A3ED-4860-A29C-2E694B7C5856}.Debug|x64.ActiveCfg = Debug|Any CPU
		{5B5979C3-A3ED-4860-A29C-2E694B7C5856}.Debug|x64.Build.0 = Debug|Any CPU
		{5B5979C3-A3ED-4860-A29C-2E694B7C5856}.Debug|x86.ActiveCfg = Debug|Any CPU
		{5B5979C3-A3ED-4860-A29C-2E694B7C5856}.Debug|x86.Build.0 = Debug|Any CPU
		{5B5979C3-A3ED-4860-A29C-2E694B7C5856}.Release|Any CPU.ActiveCfg = Release|Any CPU
		{5B5979C3-A3ED-4860-A29C-2E694B7C5856}.Release|Any CPU.Build.0 = Release|Any CPU
		{5B5979C3-A3ED-4860-A29C-2E694B7C5856}.Release|x64.ActiveCfg = Release|Any CPU
		{5B5979C3-A3ED-4860-A29C-2E694B7C5856}.Release|x64.Build.0 = Release|Any CPU
		{5B5979C3-A3ED-4860-A29C-2E694B7C5856}.Release|x86.ActiveCfg = Release|Any CPU
		{5B5979C3-A3ED-4860-A29C-2E694B7C5856}.Release|x86.Build.0 = Release|Any CPU
		{2F32CF88-BE4C-475F-B060-F43155F1495C}.Debug|Any CPU.ActiveCfg = Debug|Any CPU
		{2F32CF88-BE4C-475F-B060-F43155F1495C}.Debug|Any CPU.Build.0 = Debug|Any CPU
		{2F32CF88-BE4C-475F-B060-F43155F1495C}.Debug|x64.ActiveCfg = Debug|Any CPU
		{2F32CF88-BE4C-475F-B060-F43155F1495C}.Debug|x64.Build.0 = Debug|Any CPU
		{2F32CF88-BE4C-475F-B060-F43155F1495C}.Debug|x86.ActiveCfg = Debug|Any CPU
		{2F32CF88-BE4C-475F-B060-F43155F1495C}.Debug|x86.Build.0 = Debug|Any CPU
		{2F32CF88-BE4C-475F-B060-F43155F1495C}.Release|Any CPU.ActiveCfg = Release|Any CPU
		{2F32CF88-BE4C-475F-B060-F43155F1495C}.Release|Any CPU.Build.0 = Release|Any CPU
		{2F32CF88-BE4C-475F-B060-F43155F1495C}.Release|x64.ActiveCfg = Release|Any CPU
		{2F32CF88-BE4C-475F-B060-F43155F1495C}.Release|x64.Build.0 = Release|Any CPU
		{2F32CF88-BE4C-475F-B060-F43155F1495C}.Release|x86.ActiveCfg = Release|Any CPU
		{2F32CF88-BE4C-475F-B060-F43155F1495C}.Release|x86.Build.0 = Release|Any CPU
		{89F1CA37-8346-46D0-8551-6A473B9DB680}.Debug|Any CPU.ActiveCfg = Debug|Any CPU
		{89F1CA37-8346-46D0-8551-6A473B9DB680}.Debug|Any CPU.Build.0 = Debug|Any CPU
		{89F1CA37-8346-46D0-8551-6A473B9DB680}.Debug|x64.ActiveCfg = Debug|Any CPU
		{89F1CA37-8346-46D0-8551-6A473B9DB680}.Debug|x64.Build.0 = Debug|Any CPU
		{89F1CA37-8346-46D0-8551-6A473B9DB680}.Debug|x86.ActiveCfg = Debug|Any CPU
		{89F1CA37-8346-46D0-8551-6A473B9DB680}.Debug|x86.Build.0 = Debug|Any CPU
		{89F1CA37-8346-46D0-8551-6A473B9DB680}.Release|Any CPU.ActiveCfg = Release|Any CPU
		{89F1CA37-8346-46D0-8551-6A473B9DB680}.Release|Any CPU.Build.0 = Release|Any CPU
		{89F1CA37-8346-46D0-8551-6A473B9DB680}.Release|x64.ActiveCfg = Release|Any CPU
		{89F1CA37-8346-46D0-8551-6A473B9DB680}.Release|x64.Build.0 = Release|Any CPU
		{89F1CA37-8346-46D0-8551-6A473B9DB680}.Release|x86.ActiveCfg = Release|Any CPU
		{89F1CA37-8346-46D0-8551-6A473B9DB680}.Release|x86.Build.0 = Release|Any CPU
	EndGlobalSection
	GlobalSection(SolutionProperties) = preSolution
		HideSolutionNode = FALSE
	EndGlobalSection
	GlobalSection(NestedProjects) = preSolution
		{C8C8CFC1-AB84-4392-8D03-0160B5250735} = {827E0CD3-B72D-47B6-A68D-7590B98EB39B}
		{B2D25B97-971E-49C1-B814-D22D22BB3FF9} = {827E0CD3-B72D-47B6-A68D-7590B98EB39B}
		{966A19A1-D544-4B14-8EA4-AB70200B3657} = {827E0CD3-B72D-47B6-A68D-7590B98EB39B}
		{5B5979C3-A3ED-4860-A29C-2E694B7C5856} = {827E0CD3-B72D-47B6-A68D-7590B98EB39B}
		{2F32CF88-BE4C-475F-B060-F43155F1495C} = {0AB3BF05-4346-4AA6-1389-037BE0695223}
		{89F1CA37-8346-46D0-8551-6A473B9DB680} = {0AB3BF05-4346-4AA6-1389-037BE0695223}
	EndGlobalSection
EndGlobal
